
Microsoft Visual Studio Solution File, Format Version 12.00
Project("{FAE04EC0-301F-11D3-BF4B-00C04F79EFBC}") = "Quick.Mapper", "Quick.Mapper\Quick.Mapper.csproj", "{F08BAAD4-1BA9-4DF0-BEEE-1EF6F7EB6F64}"
EndProject
Global
	GlobalSection(SolutionConfigurationPlatforms) = preSolution
		Debug|Any CPU = Debug|Any CPU
		Release|Any CPU = Release|Any CPU
	EndGlobalSection
	GlobalSection(ProjectConfigurationPlatforms) = postSolution
		{F08BAAD4-1BA9-4DF0-BEEE-1EF6F7EB6F64}.Debug|Any CPU.ActiveCfg = Debug|Any CPU
		{F08BAAD4-1BA9-4DF0-BEEE-1EF6F7EB6F64}.Debug|Any CPU.Build.0 = Debug|Any CPU
		{F08BAAD4-1BA9-4DF0-BEEE-1EF6F7EB6F64}.Release|Any CPU.ActiveCfg = Release|Any CPU
		{F08BAAD4-1BA9-4DF0-BEEE-1EF6F7EB6F64}.Release|Any CPU.Build.0 = Release|Any CPU
	EndGlobalSection
EndGlobal
